PODS:
  - Flutter (1.0.0)
  - integration_test (0.0.1):
    - Flutter
  - updraft_sdk_flutter (0.0.1):
    - Flutter
    - UpdraftSDK (= 0.5.8)
  - UpdraftSDK (0.5.8)

DEPENDENCIES:
  - Flutter (from `Flutter`)
  - integration_test (from `.symlinks/plugins/integration_test/ios`)
  - updraft_sdk_flutter (from `.symlinks/plugins/updraft_sdk_flutter/ios`)

SPEC REPOS:
  trunk:
    - UpdraftSDK

EXTERNAL SOURCES:
  Flutter:
    :path: Flutter
  integration_test:
    :path: ".symlinks/plugins/integration_test/ios"
  updraft_sdk_flutter:
    :path: ".symlinks/plugins/updraft_sdk_flutter/ios"

SPEC CHECKSUMS:
  Flutter: e0871f40cf51350855a761d2e70bf5af5b9b5de7
  integration_test: 4a889634ef21a45d28d50d622cf412dc6d9f586e
  updraft_sdk_flutter: d3b2595be7bdc838cabf945a176816e88064a319
  UpdraftSDK: 3723c040080fa4be73fdf56dd74e8ae54522ebf8

PODFILE CHECKSUM: 7be2f5f74864d463a8ad433546ed1de7e0f29aef

COCOAPODS: 1.16.2
